
Microsoft Visual Studio Solution File, Format Version 12.00
# Visual Studio 2012
Project("{2150E333-8FDC-42A3-9474-1A3956D46DE8}") = "OpenSource", "OpenSource", "{0F451C53-EADD-45AE-B619-904EB9601B24}"
EndProject
Project("{2150E333-8FDC-42A3-9474-1A3956D46DE8}") = "Microsoft", "Microsoft", "{0550A188-8617-4EB9-8774-3F33C672FD5E}"
EndProject
Project("{2150E333-8FDC-42A3-9474-1A3956D46DE8}") = "Compoment", "Compoment", "{7BE8F327-50B1-4023-BD5D-E0E57FDAF89F}"
EndProject
Project("{FAE04EC0-301F-11D3-BF4B-00C04F79EFBC}") = "TestMain", "TestMain.csproj", "{7C68282E-44F7-40A5-8242-FCEDEA5CF64E}"
EndProject
Project("{FAE04EC0-301F-11D3-BF4B-00C04F79EFBC}") = "EntityFrameworkV1.Model", "EntityFrameworkTest\EntityFrameworkV1.Model.csproj", "{C95091CC-808C-46DB-A344-11BFBF3DA8AB}"
EndProject
Project("{FAE04EC0-301F-11D3-BF4B-00C04F79EFBC}") = "DBPerformanceTest.Core", "DBPerformanceTest.Core\DBPerformanceTest.Core.csproj", "{D33E9D74-23AE-4657-A670-1718300138B8}"
EndProject
Project("{FAE04EC0-301F-11D3-BF4B-00C04F79EFBC}") = "NHibernateV1.Model", "NHibernateV1.Model\NHibernateV1.Model.csproj", "{F2F1F1C5-608F-4A31-A7BD-4B706A99A631}"
EndProject
Project("{FAE04EC0-301F-11D3-BF4B-00C04F79EFBC}") = "EntDAAB.Model", "EntDAAB.Model\EntDAAB.Model.csproj", "{93885130-E4EB-4D18-8D4C-3C22A8D890A6}"
EndProject
Project("{FAE04EC0-301F-11D3-BF4B-00C04F79EFBC}") = "LinqToSQL.Model", "LinqToSQL.Model\LinqToSQL.Model.csproj", "{38B3A018-987C-4373-8963-8215CFD72430}"
EndProject
Project("{2150E333-8FDC-42A3-9474-1A3956D46DE8}") = "UnitTest", "UnitTest", "{62517BCF-D210-4020-A35F-974B87EDD08A}"
EndProject
Project("{FAE04EC0-301F-11D3-BF4B-00C04F79EFBC}") = "ModelUnitTest", "ModelUnitTest\ModelUnitTest.csproj", "{A079C799-2D8A-4B81-8F3E-9E61D01EECE8}"
EndProject
Project("{FAE04EC0-301F-11D3-BF4B-00C04F79EFBC}") = "Simple.Data.Model", "Simple.Data.Model\Simple.Data.Model.csproj", "{A8B7D61B-352A-4B12-8873-21C4D5AE0409}"
EndProject
Project("{FAE04EC0-301F-11D3-BF4B-00C04F79EFBC}") = "Dapper.Model", "Dapper.Model\Dapper.Model.csproj", "{C30FD251-828C-4356-9BE5-4AD24610DE92}"
EndProject
Project("{FAE04EC0-301F-11D3-BF4B-00C04F79EFBC}") = "SubSonic.Model", "SubSonic.Model\SubSonic.Model.csproj", "{5D8601AA-1FA3-49F7-92EF-FF6C6158EE9C}"
EndProject
Project("{2150E333-8FDC-42A3-9474-1A3956D46DE8}") = "Free", "Free", "{3172316B-6DA8-4F01-A0D0-960D31C02B40}"
EndProject
Project("{FAE04EC0-301F-11D3-BF4B-00C04F79EFBC}") = "TelerikDataAccess", "TelerikDataAccess\TelerikDataAccess.csproj", "{EA66E993-34A1-48E2-AA66-F0C0C9BA74F2}"
EndProject
Global
	GlobalSection(SolutionConfigurationPlatforms) = preSolution
		Debug|Any CPU = Debug|Any CPU
		Release|Any CPU = Release|Any CPU
	EndGlobalSection
	GlobalSection(ProjectConfigurationPlatforms) = postSolution
		{7C68282E-44F7-40A5-8242-FCEDEA5CF64E}.Debug|Any CPU.ActiveCfg = Debug|Any CPU
		{7C68282E-44F7-40A5-8242-FCEDEA5CF64E}.Debug|Any CPU.Build.0 = Debug|Any CPU
		{7C68282E-44F7-40A5-8242-FCEDEA5CF64E}.Release|Any CPU.ActiveCfg = Release|Any CPU
		{7C68282E-44F7-40A5-8242-FCEDEA5CF64E}.Release|Any CPU.Build.0 = Release|Any CPU
		{C95091CC-808C-46DB-A344-11BFBF3DA8AB}.Debug|Any CPU.ActiveCfg = Debug|Any CPU
		{C95091CC-808C-46DB-A344-11BFBF3DA8AB}.Debug|Any CPU.Build.0 = Debug|Any CPU
		{C95091CC-808C-46DB-A344-11BFBF3DA8AB}.Release|Any CPU.ActiveCfg = Release|Any CPU
		{C95091CC-808C-46DB-A344-11BFBF3DA8AB}.Release|Any CPU.Build.0 = Release|Any CPU
		{D33E9D74-23AE-4657-A670-1718300138B8}.Debug|Any CPU.ActiveCfg = Debug|Any CPU
		{D33E9D74-23AE-4657-A670-1718300138B8}.Debug|Any CPU.Build.0 = Debug|Any CPU
		{D33E9D74-23AE-4657-A670-1718300138B8}.Release|Any CPU.ActiveCfg = Release|Any CPU
		{D33E9D74-23AE-4657-A670-1718300138B8}.Release|Any CPU.Build.0 = Release|Any CPU
		{F2F1F1C5-608F-4A31-A7BD-4B706A99A631}.Debug|Any CPU.ActiveCfg = Debug|Any CPU
		{F2F1F1C5-608F-4A31-A7BD-4B706A99A631}.Debug|Any CPU.Build.0 = Debug|Any CPU
		{F2F1F1C5-608F-4A31-A7BD-4B706A99A631}.Release|Any CPU.ActiveCfg = Release|Any CPU
		{F2F1F1C5-608F-4A31-A7BD-4B706A99A631}.Release|Any CPU.Build.0 = Release|Any CPU
		{93885130-E4EB-4D18-8D4C-3C22A8D890A6}.Debug|Any CPU.ActiveCfg = Debug|Any CPU
		{93885130-E4EB-4D18-8D4C-3C22A8D890A6}.Debug|Any CPU.Build.0 = Debug|Any CPU
		{93885130-E4EB-4D18-8D4C-3C22A8D890A6}.Release|Any CPU.ActiveCfg = Release|Any CPU
		{93885130-E4EB-4D18-8D4C-3C22A8D890A6}.Release|Any CPU.Build.0 = Release|Any CPU
		{38B3A018-987C-4373-8963-8215CFD72430}.Debug|Any CPU.ActiveCfg = Debug|Any CPU
		{38B3A018-987C-4373-8963-8215CFD72430}.Debug|Any CPU.Build.0 = Debug|Any CPU
		{38B3A018-987C-4373-8963-8215CFD72430}.Release|Any CPU.ActiveCfg = Release|Any CPU
		{38B3A018-987C-4373-8963-8215CFD72430}.Release|Any CPU.Build.0 = Release|Any CPU
		{A079C799-2D8A-4B81-8F3E-9E61D01EECE8}.Debug|Any CPU.ActiveCfg = Debug|Any CPU
		{A079C799-2D8A-4B81-8F3E-9E61D01EECE8}.Debug|Any CPU.Build.0 = Debug|Any CPU
		{A079C799-2D8A-4B81-8F3E-9E61D01EECE8}.Release|Any CPU.ActiveCfg = Release|Any CPU
		{A079C799-2D8A-4B81-8F3E-9E61D01EECE8}.Release|Any CPU.Build.0 = Release|Any CPU
		{A8B7D61B-352A-4B12-8873-21C4D5AE0409}.Debug|Any CPU.ActiveCfg = Debug|Any CPU
		{A8B7D61B-352A-4B12-8873-21C4D5AE0409}.Debug|Any CPU.Build.0 = Debug|Any CPU
		{A8B7D61B-352A-4B12-8873-21C4D5AE0409}.Release|Any CPU.ActiveCfg = Release|Any CPU
		{A8B7D61B-352A-4B12-8873-21C4D5AE0409}.Release|Any CPU.Build.0 = Release|Any CPU
		{C30FD251-828C-4356-9BE5-4AD24610DE92}.Debug|Any CPU.ActiveCfg = Debug|Any CPU
		{C30FD251-828C-4356-9BE5-4AD24610DE92}.Debug|Any CPU.Build.0 = Debug|Any CPU
		{C30FD251-828C-4356-9BE5-4AD24610DE92}.Release|Any CPU.ActiveCfg = Release|Any CPU
		{C30FD251-828C-4356-9BE5-4AD24610DE92}.Release|Any CPU.Build.0 = Release|Any CPU
		{5D8601AA-1FA3-49F7-92EF-FF6C6158EE9C}.Debug|Any CPU.ActiveCfg = Debug|Any CPU
		{5D8601AA-1FA3-49F7-92EF-FF6C6158EE9C}.Debug|Any CPU.Build.0 = Debug|Any CPU
		{5D8601AA-1FA3-49F7-92EF-FF6C6158EE9C}.Release|Any CPU.ActiveCfg = Release|Any CPU
		{5D8601AA-1FA3-49F7-92EF-FF6C6158EE9C}.Release|Any CPU.Build.0 = Release|Any CPU
		{EA66E993-34A1-48E2-AA66-F0C0C9BA74F2}.Debug|Any CPU.ActiveCfg = Debug|Any CPU
		{EA66E993-34A1-48E2-AA66-F0C0C9BA74F2}.Debug|Any CPU.Build.0 = Debug|Any CPU
		{EA66E993-34A1-48E2-AA66-F0C0C9BA74F2}.Release|Any CPU.ActiveCfg = Release|Any CPU
		{EA66E993-34A1-48E2-AA66-F0C0C9BA74F2}.Release|Any CPU.Build.0 = Release|Any CPU
	EndGlobalSection
	GlobalSection(SolutionProperties) = preSolution
		HideSolutionNode = FALSE
	EndGlobalSection
	GlobalSection(NestedProjects) = preSolution
		{F2F1F1C5-608F-4A31-A7BD-4B706A99A631} = {0F451C53-EADD-45AE-B619-904EB9601B24}
		{A8B7D61B-352A-4B12-8873-21C4D5AE0409} = {0F451C53-EADD-45AE-B619-904EB9601B24}
		{C30FD251-828C-4356-9BE5-4AD24610DE92} = {0F451C53-EADD-45AE-B619-904EB9601B24}
		{5D8601AA-1FA3-49F7-92EF-FF6C6158EE9C} = {0F451C53-EADD-45AE-B619-904EB9601B24}
		{C95091CC-808C-46DB-A344-11BFBF3DA8AB} = {0550A188-8617-4EB9-8774-3F33C672FD5E}
		{93885130-E4EB-4D18-8D4C-3C22A8D890A6} = {0550A188-8617-4EB9-8774-3F33C672FD5E}
		{38B3A018-987C-4373-8963-8215CFD72430} = {0550A188-8617-4EB9-8774-3F33C672FD5E}
		{D33E9D74-23AE-4657-A670-1718300138B8} = {7BE8F327-50B1-4023-BD5D-E0E57FDAF89F}
		{A079C799-2D8A-4B81-8F3E-9E61D01EECE8} = {62517BCF-D210-4020-A35F-974B87EDD08A}
		{EA66E993-34A1-48E2-AA66-F0C0C9BA74F2} = {3172316B-6DA8-4F01-A0D0-960D31C02B40}
	EndGlobalSection
EndGlobal
